
Microsoft Visual Studio Solution File, Format Version 12.00
# Visual Studio Version 16
VisualStudioVersion = 16.0.30517.126
MinimumVisualStudioVersion = 10.0.40219.1
Project("{9A19103F-16F7-4668-BE54-9A1E7A4F7556}") = "TennisAngular10", "TennisAngular10\TennisAngular10.csproj", "{ADD1B5A4-26C6-4C92-ABD0-083E7708F3AA}"
EndProject
Project("{FAE04EC0-301F-11D3-BF4B-00C04F79EFBC}") = "TennisMongoDB", "TennisMongoDB\TennisMongoDB.csproj", "{8117D338-39F5-426C-9891-A8E8376172AA}"
EndProject
Global
	GlobalSection(SolutionConfigurationPlatforms) = preSolution
		Debug|Any CPU = Debug|Any CPU
		Release|Any CPU = Release|Any CPU
	EndGlobalSection
	GlobalSection(ProjectConfigurationPlatforms) = postSolution
		{ADD1B5A4-26C6-4C92-ABD0-083E7708F3AA}.Debug|Any CPU.ActiveCfg = Debug|Any CPU
		{ADD1B5A4-26C6-4C92-ABD0-083E7708F3AA}.Debug|Any CPU.Build.0 = Debug|Any CPU
		{ADD1B5A4-26C6-4C92-ABD0-083E7708F3AA}.Release|Any CPU.ActiveCfg = Release|Any CPU
		{ADD1B5A4-26C6-4C92-ABD0-083E7708F3AA}.Release|Any CPU.Build.0 = Release|Any CPU
		{8117D338-39F5-426C-9891-A8E8376172AA}.Debug|Any CPU.ActiveCfg = Debug|Any CPU
		{8117D338-39F5-426C-9891-A8E8376172AA}.Debug|Any CPU.Build.0 = Debug|Any CPU
		{8117D338-39F5-426C-9891-A8E8376172AA}.Release|Any CPU.ActiveCfg = Release|Any CPU
		{8117D338-39F5-426C-9891-A8E8376172AA}.Release|Any CPU.Build.0 = Release|Any CPU
	EndGlobalSection
	GlobalSection(SolutionProperties) = preSolution
		HideSolutionNode = FALSE
	EndGlobalSection
	GlobalSection(ExtensibilityGlobals) = postSolution
		SolutionGuid = {47FA0023-A2B4-473B-99DB-506B35D1A63B}
	EndGlobalSection
EndGlobal
