
Microsoft Visual Studio Solution File, Format Version 12.00
# Visual Studio Version 16
VisualStudioVersion = 16.0.30517.126
MinimumVisualStudioVersion = 10.0.40219.1
Project("{9A19103F-16F7-4668-BE54-9A1E7A4F7556}") = "TennisPostgresWebApiCSharp", "TennisPostgresWebApiCSharp\TennisPostgresWebApiCSharp.csproj", "{EEE86C99-ACCD-47E2-891F-16CB58A1FBD3}"
EndProject
Project("{9A19103F-16F7-4668-BE54-9A1E7A4F7556}") = "TennisMongoDBWebApiCSharp", "TennisMongoDBWebApiCSharp\TennisMongoDBWebApiCSharp.csproj", "{E8052685-9DB2-49DF-B944-4A6550C39EE8}"
EndProject
Project("{9A19103F-16F7-4668-BE54-9A1E7A4F7556}") = "TennisPostgresGraphQLCSharp", "TennisPostgresGraphQLCSharp\TennisPostgresGraphQLCSharp.csproj", "{536FC8B6-9597-4F9A-902D-2E253164487E}"
EndProject
Project("{9A19103F-16F7-4668-BE54-9A1E7A4F7556}") = "TennisPostgresWebApiIntegTest", "TennisPostgresWebApiIntegTest\TennisPostgresWebApiIntegTest.csproj", "{FAAEFA68-8D21-47F0-BC48-BC3479114437}"
EndProject
Project("{9A19103F-16F7-4668-BE54-9A1E7A4F7556}") = "TennisMvcClient", "TennisMvcClient\TennisMvcClient.csproj", "{C4E5CBFB-0487-435E-A8D9-925B98E85FC4}"
EndProject
Project("{9A19103F-16F7-4668-BE54-9A1E7A4F7556}") = "TennisSwGenClient", "TennisMvcClient\TennisSwGenClient\TennisSwGenClient.csproj", "{CC4BA4A7-2D8A-424B-A777-8EC022AD7276}"
EndProject
Global
	GlobalSection(SolutionConfigurationPlatforms) = preSolution
		Debug|Any CPU = Debug|Any CPU
		Release|Any CPU = Release|Any CPU
	EndGlobalSection
	GlobalSection(ProjectConfigurationPlatforms) = postSolution
		{EEE86C99-ACCD-47E2-891F-16CB58A1FBD3}.Debug|Any CPU.ActiveCfg = Debug|Any CPU
		{EEE86C99-ACCD-47E2-891F-16CB58A1FBD3}.Debug|Any CPU.Build.0 = Debug|Any CPU
		{EEE86C99-ACCD-47E2-891F-16CB58A1FBD3}.Release|Any CPU.ActiveCfg = Release|Any CPU
		{EEE86C99-ACCD-47E2-891F-16CB58A1FBD3}.Release|Any CPU.Build.0 = Release|Any CPU
		{E8052685-9DB2-49DF-B944-4A6550C39EE8}.Debug|Any CPU.ActiveCfg = Debug|Any CPU
		{E8052685-9DB2-49DF-B944-4A6550C39EE8}.Debug|Any CPU.Build.0 = Debug|Any CPU
		{E8052685-9DB2-49DF-B944-4A6550C39EE8}.Release|Any CPU.ActiveCfg = Release|Any CPU
		{E8052685-9DB2-49DF-B944-4A6550C39EE8}.Release|Any CPU.Build.0 = Release|Any CPU
		{536FC8B6-9597-4F9A-902D-2E253164487E}.Debug|Any CPU.ActiveCfg = Debug|Any CPU
		{536FC8B6-9597-4F9A-902D-2E253164487E}.Debug|Any CPU.Build.0 = Debug|Any CPU
		{536FC8B6-9597-4F9A-902D-2E253164487E}.Release|Any CPU.ActiveCfg = Release|Any CPU
		{536FC8B6-9597-4F9A-902D-2E253164487E}.Release|Any CPU.Build.0 = Release|Any CPU
		{FAAEFA68-8D21-47F0-BC48-BC3479114437}.Debug|Any CPU.ActiveCfg = Debug|Any CPU
		{FAAEFA68-8D21-47F0-BC48-BC3479114437}.Debug|Any CPU.Build.0 = Debug|Any CPU
		{FAAEFA68-8D21-47F0-BC48-BC3479114437}.Release|Any CPU.ActiveCfg = Release|Any CPU
		{FAAEFA68-8D21-47F0-BC48-BC3479114437}.Release|Any CPU.Build.0 = Release|Any CPU
		{C4E5CBFB-0487-435E-A8D9-925B98E85FC4}.Debug|Any CPU.ActiveCfg = Debug|Any CPU
		{C4E5CBFB-0487-435E-A8D9-925B98E85FC4}.Debug|Any CPU.Build.0 = Debug|Any CPU
		{C4E5CBFB-0487-435E-A8D9-925B98E85FC4}.Release|Any CPU.ActiveCfg = Release|Any CPU
		{C4E5CBFB-0487-435E-A8D9-925B98E85FC4}.Release|Any CPU.Build.0 = Release|Any CPU
		{CC4BA4A7-2D8A-424B-A777-8EC022AD7276}.Debug|Any CPU.ActiveCfg = Debug|Any CPU
		{CC4BA4A7-2D8A-424B-A777-8EC022AD7276}.Debug|Any CPU.Build.0 = Debug|Any CPU
		{CC4BA4A7-2D8A-424B-A777-8EC022AD7276}.Release|Any CPU.ActiveCfg = Release|Any CPU
		{CC4BA4A7-2D8A-424B-A777-8EC022AD7276}.Release|Any CPU.Build.0 = Release|Any CPU
	EndGlobalSection
	GlobalSection(SolutionProperties) = preSolution
		HideSolutionNode = FALSE
	EndGlobalSection
	GlobalSection(ExtensibilityGlobals) = postSolution
		SolutionGuid = {47FA0023-A2B4-473B-99DB-506B35D1A63B}
	EndGlobalSection
EndGlobal
